
Microsoft Visual Studio Solution File, Format Version 12.00
# Visual Studio Version 16
VisualStudioVersion = 16.0.30128.74
MinimumVisualStudioVersion = 10.0.40219.1
Project("{FAE04EC0-301F-11D3-BF4B-00C04F79EFBC}") = "ArduinoOLED", "ArduinoOLED.csproj", "{64510A63-3A98-48EF-B223-A759FA96310F}"
EndProject
Global
	GlobalSection(SolutionConfigurationPlatforms) = preSolution
		Debug|Any CPU = Debug|Any CPU
		Release|Any CPU = Release|Any CPU
	EndGlobalSection
	GlobalSection(ProjectConfigurationPlatforms) = postSolution
		{64510A63-3A98-48EF-B223-A759FA96310F}.Debug|Any CPU.ActiveCfg = Debug|Any CPU
		{64510A63-3A98-48EF-B223-A759FA96310F}.Debug|Any CPU.Build.0 = Debug|Any CPU
		{64510A63-3A98-48EF-B223-A759FA96310F}.Release|Any CPU.ActiveCfg = Release|Any CPU
		{64510A63-3A98-48EF-B223-A759FA96310F}.Release|Any CPU.Build.0 = Release|Any CPU
	EndGlobalSection
	GlobalSection(SolutionProperties) = preSolution
		HideSolutionNode = FALSE
	EndGlobalSection
	GlobalSection(ExtensibilityGlobals) = postSolution
		SolutionGuid = {0E2DF814-60BA-4BCF-94AD-0B510503DA86}
	EndGlobalSection
EndGlobal
